{
  "name": "security-skill-compiler",
  "version": "0.1.0",
  "lockfileVersion": 3,
  "requires": true,
  "packages": {
    "": {
      "name": "security-skill-compiler",
      "version": "0.1.0",
      "license": "MIT",
      "bin": {
        "security-skill-compiler": "bin/security-skill-compiler.js"
      },
      "engines": {
        "node": ">=18.17"
      }
    }
  }
}
